
Microsoft Visual Studio Solution File, Format Version 12.00
# Visual Studio Version 17
VisualStudioVersion = 17.9.34728.123
MinimumVisualStudioVersion = 10.0.40219.1
Project("{FAE04EC0-301F-11D3-BF4B-00C04F79EFBC}") = "agenda-api", "agenda-api\agenda-api.csproj", "{460D04B1-1925-427A-8896-739DE87B07E8}"
EndProject
Global
	GlobalSection(SolutionConfigurationPlatforms) = preSolution
		Debug|Any CPU = Debug|Any CPU
		Release|Any CPU = Release|Any CPU
	EndGlobalSection
	GlobalSection(ProjectConfigurationPlatforms) = postSolution
		{460D04B1-1925-427A-8896-739DE87B07E8}.Debug|Any CPU.ActiveCfg = Debug|Any CPU
		{460D04B1-1925-427A-8896-739DE87B07E8}.Debug|Any CPU.Build.0 = Debug|Any CPU
		{460D04B1-1925-427A-8896-739DE87B07E8}.Release|Any CPU.ActiveCfg = Release|Any CPU
		{460D04B1-1925-427A-8896-739DE87B07E8}.Release|Any CPU.Build.0 = Release|Any CPU
	EndGlobalSection
	GlobalSection(SolutionProperties) = preSolution
		HideSolutionNode = FALSE
	EndGlobalSection
	GlobalSection(ExtensibilityGlobals) = postSolution
		SolutionGuid = {2A4DD310-8418-43E9-B61B-FBF62DE659D8}
	EndGlobalSection
EndGlobal
